
Microsoft Visual Studio Solution File, Format Version 12.00
# Visual Studio Version 16
VisualStudioVersion = 16.0.31424.327
MinimumVisualStudioVersion = 10.0.40219.1
Project("{FAE04EC0-301F-11D3-BF4B-00C04F79EFBC}") = "Secao8GitHubProjetoTeste", "Secao8GitHubProjetoTeste\Secao8GitHubProjetoTeste.csproj", "{4294083E-AD0A-4D00-AE6D-4963CC739000}"
EndProject
Global
	GlobalSection(SolutionConfigurationPlatforms) = preSolution
		Debug|Any CPU = Debug|Any CPU
		Release|Any CPU = Release|Any CPU
	EndGlobalSection
	GlobalSection(ProjectConfigurationPlatforms) = postSolution
		{4294083E-AD0A-4D00-AE6D-4963CC739000}.Debug|Any CPU.ActiveCfg = Debug|Any CPU
		{4294083E-AD0A-4D00-AE6D-4963CC739000}.Debug|Any CPU.Build.0 = Debug|Any CPU
		{4294083E-AD0A-4D00-AE6D-4963CC739000}.Release|Any CPU.ActiveCfg = Release|Any CPU
		{4294083E-AD0A-4D00-AE6D-4963CC739000}.Release|Any CPU.Build.0 = Release|Any CPU
	EndGlobalSection
	GlobalSection(SolutionProperties) = preSolution
		HideSolutionNode = FALSE
	EndGlobalSection
	GlobalSection(ExtensibilityGlobals) = postSolution
		SolutionGuid = {BAA83279-89F3-4174-840E-A69864664ED6}
	EndGlobalSection
EndGlobal
